
Microsoft Visual Studio Solution File, Format Version 12.00
# Visual Studio 15
VisualStudioVersion = 15.0.28010.2050
MinimumVisualStudioVersion = 10.0.40219.1
Project("{FAE04EC0-301F-11D3-BF4B-00C04F79EFBC}") = "hw3107 - ObservableCollection (Exirce1)", "hw3107 - ObservableCollection (Exirce1)\hw3107 - ObservableCollection (Exirce1).csproj", "{CFF696DB-7B50-464D-A6AF-9ED9395A1977}"
EndProject
Global
	GlobalSection(SolutionConfigurationPlatforms) = preSolution
		Debug|Any CPU = Debug|Any CPU
		Release|Any CPU = Release|Any CPU
	EndGlobalSection
	GlobalSection(ProjectConfigurationPlatforms) = postSolution
		{CFF696DB-7B50-464D-A6AF-9ED9395A1977}.Debug|Any CPU.ActiveCfg = Debug|Any CPU
		{CFF696DB-7B50-464D-A6AF-9ED9395A1977}.Debug|Any CPU.Build.0 = Debug|Any CPU
		{CFF696DB-7B50-464D-A6AF-9ED9395A1977}.Release|Any CPU.ActiveCfg = Release|Any CPU
		{CFF696DB-7B50-464D-A6AF-9ED9395A1977}.Release|Any CPU.Build.0 = Release|Any CPU
	EndGlobalSection
	GlobalSection(SolutionProperties) = preSolution
		HideSolutionNode = FALSE
	EndGlobalSection
	GlobalSection(ExtensibilityGlobals) = postSolution
		SolutionGuid = {9597C88B-0333-4A38-AA31-9C2741DEA0CE}
	EndGlobalSection
EndGlobal
